
Microsoft Visual Studio Solution File, Format Version 12.00
# Visual Studio Version 17
VisualStudioVersion = 17.11.35303.130
MinimumVisualStudioVersion = 10.0.40219.1
Project("{8BC9CEB8-8B4A-11D0-8D11-00A0C91BC942}") = "Server", "Server\Server.vcxproj", "{D6A7440F-8E1A-43DA-8F77-07D5B68B3335}"
EndProject
Project("{8BC9CEB8-8B4A-11D0-8D11-00A0C91BC942}") = "ServerTest", "ServerTest\ServerTest.vcxproj", "{8CC96E58-211C-4128-A3EA-5C9716ED48EB}"
EndProject
Project("{8BC9CEB8-8B4A-11D0-8D11-00A0C91BC942}") = "ClientTest", "ClientTest\ClientTest.vcxproj", "{8979F76C-FA9C-42EB-8A25-A2F8170EE2B4}"
EndProject
Global
	GlobalSection(SolutionConfigurationPlatforms) = preSolution
		D_Client|x64 = D_Client|x64
		D_Client|x86 = D_Client|x86
		D_Server|x64 = D_Server|x64
		D_Server|x86 = D_Server|x86
		Debug|x64 = Debug|x64
		Debug|x86 = Debug|x86
		R_Client|x64 = R_Client|x64
		R_Client|x86 = R_Client|x86
		R_Server|x64 = R_Server|x64
		R_Server|x86 = R_Server|x86
		Release|x64 = Release|x64
		Release|x86 = Release|x86
	EndGlobalSection
	GlobalSection(ProjectConfigurationPlatforms) = postSolution
		{D6A7440F-8E1A-43DA-8F77-07D5B68B3335}.D_Client|x64.ActiveCfg = Client_Debug|x64
		{D6A7440F-8E1A-43DA-8F77-07D5B68B3335}.D_Client|x64.Build.0 = Client_Debug|x64
		{D6A7440F-8E1A-43DA-8F77-07D5B68B3335}.D_Client|x86.ActiveCfg = Client_Debug|Win32
		{D6A7440F-8E1A-43DA-8F77-07D5B68B3335}.D_Client|x86.Build.0 = Client_Debug|Win32
		{D6A7440F-8E1A-43DA-8F77-07D5B68B3335}.D_Server|x64.ActiveCfg = Server_Debug|x64
		{D6A7440F-8E1A-43DA-8F77-07D5B68B3335}.D_Server|x64.Build.0 = Server_Debug|x64
		{D6A7440F-8E1A-43DA-8F77-07D5B68B3335}.D_Server|x86.ActiveCfg = Server_Debug|Win32
		{D6A7440F-8E1A-43DA-8F77-07D5B68B3335}.D_Server|x86.Build.0 = Server_Debug|Win32
		{D6A7440F-8E1A-43DA-8F77-07D5B68B3335}.Debug|x64.ActiveCfg = Debug|x64
		{D6A7440F-8E1A-43DA-8F77-07D5B68B3335}.Debug|x64.Build.0 = Debug|x64
		{D6A7440F-8E1A-43DA-8F77-07D5B68B3335}.Debug|x86.ActiveCfg = Debug|Win32
		{D6A7440F-8E1A-43DA-8F77-07D5B68B3335}.Debug|x86.Build.0 = Debug|Win32
		{D6A7440F-8E1A-43DA-8F77-07D5B68B3335}.R_Client|x64.ActiveCfg = Client_Release|x64
		{D6A7440F-8E1A-43DA-8F77-07D5B68B3335}.R_Client|x64.Build.0 = Client_Release|x64
		{D6A7440F-8E1A-43DA-8F77-07D5B68B3335}.R_Client|x86.ActiveCfg = Client_Release|Win32
		{D6A7440F-8E1A-43DA-8F77-07D5B68B3335}.R_Client|x86.Build.0 = Client_Release|Win32
		{D6A7440F-8E1A-43DA-8F77-07D5B68B3335}.R_Server|x64.ActiveCfg = Server_Release|x64
		{D6A7440F-8E1A-43DA-8F77-07D5B68B3335}.R_Server|x64.Build.0 = Server_Release|x64
		{D6A7440F-8E1A-43DA-8F77-07D5B68B3335}.R_Server|x86.ActiveCfg = Server_Release|Win32
		{D6A7440F-8E1A-43DA-8F77-07D5B68B3335}.R_Server|x86.Build.0 = Server_Release|Win32
		{D6A7440F-8E1A-43DA-8F77-07D5B68B3335}.Release|x64.ActiveCfg = Release|x64
		{D6A7440F-8E1A-43DA-8F77-07D5B68B3335}.Release|x64.Build.0 = Release|x64
		{D6A7440F-8E1A-43DA-8F77-07D5B68B3335}.Release|x86.ActiveCfg = Release|Win32
		{D6A7440F-8E1A-43DA-8F77-07D5B68B3335}.Release|x86.Build.0 = Release|Win32
		{8CC96E58-211C-4128-A3EA-5C9716ED48EB}.D_Client|x64.ActiveCfg = Client_Debug|x64
		{8CC96E58-211C-4128-A3EA-5C9716ED48EB}.D_Client|x86.ActiveCfg = Client_Debug|Win32
		{8CC96E58-211C-4128-A3EA-5C9716ED48EB}.D_Client|x86.Build.0 = Client_Debug|Win32
		{8CC96E58-211C-4128-A3EA-5C9716ED48EB}.D_Server|x64.ActiveCfg = Server_Debug|x64
		{8CC96E58-211C-4128-A3EA-5C9716ED48EB}.D_Server|x64.Build.0 = Server_Debug|x64
		{8CC96E58-211C-4128-A3EA-5C9716ED48EB}.D_Server|x86.ActiveCfg = Server_Debug|Win32
		{8CC96E58-211C-4128-A3EA-5C9716ED48EB}.D_Server|x86.Build.0 = Server_Debug|Win32
		{8CC96E58-211C-4128-A3EA-5C9716ED48EB}.Debug|x64.ActiveCfg = Debug|x64
		{8CC96E58-211C-4128-A3EA-5C9716ED48EB}.Debug|x64.Build.0 = Debug|x64
		{8CC96E58-211C-4128-A3EA-5C9716ED48EB}.Debug|x86.ActiveCfg = Debug|Win32
		{8CC96E58-211C-4128-A3EA-5C9716ED48EB}.Debug|x86.Build.0 = Debug|Win32
		{8CC96E58-211C-4128-A3EA-5C9716ED48EB}.R_Client|x64.ActiveCfg = Client_Release|x64
		{8CC96E58-211C-4128-A3EA-5C9716ED48EB}.R_Client|x86.ActiveCfg = Client_Release|Win32
		{8CC96E58-211C-4128-A3EA-5C9716ED48EB}.R_Client|x86.Build.0 = Client_Release|Win32
		{8CC96E58-211C-4128-A3EA-5C9716ED48EB}.R_Server|x64.ActiveCfg = Server_Release|x64
		{8CC96E58-211C-4128-A3EA-5C9716ED48EB}.R_Server|x64.Build.0 = Server_Release|x64
		{8CC96E58-211C-4128-A3EA-5C9716ED48EB}.R_Server|x86.ActiveCfg = Server_Release|Win32
		{8CC96E58-211C-4128-A3EA-5C9716ED48EB}.R_Server|x86.Build.0 = Server_Release|Win32
		{8CC96E58-211C-4128-A3EA-5C9716ED48EB}.Release|x64.ActiveCfg = Release|x64
		{8CC96E58-211C-4128-A3EA-5C9716ED48EB}.Release|x64.Build.0 = Release|x64
		{8CC96E58-211C-4128-A3EA-5C9716ED48EB}.Release|x86.ActiveCfg = Release|Win32
		{8CC96E58-211C-4128-A3EA-5C9716ED48EB}.Release|x86.Build.0 = Release|Win32
		{8979F76C-FA9C-42EB-8A25-A2F8170EE2B4}.D_Client|x64.ActiveCfg = Client_Debug|x64
		{8979F76C-FA9C-42EB-8A25-A2F8170EE2B4}.D_Client|x64.Build.0 = Client_Debug|x64
		{8979F76C-FA9C-42EB-8A25-A2F8170EE2B4}.D_Client|x86.ActiveCfg = Client_Debug|Win32
		{8979F76C-FA9C-42EB-8A25-A2F8170EE2B4}.D_Client|x86.Build.0 = Client_Debug|Win32
		{8979F76C-FA9C-42EB-8A25-A2F8170EE2B4}.D_Server|x64.ActiveCfg = Server_Debug|x64
		{8979F76C-FA9C-42EB-8A25-A2F8170EE2B4}.D_Server|x86.ActiveCfg = Server_Debug|Win32
		{8979F76C-FA9C-42EB-8A25-A2F8170EE2B4}.D_Server|x86.Build.0 = Server_Debug|Win32
		{8979F76C-FA9C-42EB-8A25-A2F8170EE2B4}.Debug|x64.ActiveCfg = Debug|x64
		{8979F76C-FA9C-42EB-8A25-A2F8170EE2B4}.Debug|x64.Build.0 = Debug|x64
		{8979F76C-FA9C-42EB-8A25-A2F8170EE2B4}.Debug|x86.ActiveCfg = Debug|Win32
		{8979F76C-FA9C-42EB-8A25-A2F8170EE2B4}.Debug|x86.Build.0 = Debug|Win32
		{8979F76C-FA9C-42EB-8A25-A2F8170EE2B4}.R_Client|x64.ActiveCfg = Client_Release|x64
		{8979F76C-FA9C-42EB-8A25-A2F8170EE2B4}.R_Client|x64.Build.0 = Client_Release|x64
		{8979F76C-FA9C-42EB-8A25-A2F8170EE2B4}.R_Client|x86.ActiveCfg = Client_Release|Win32
		{8979F76C-FA9C-42EB-8A25-A2F8170EE2B4}.R_Client|x86.Build.0 = Client_Release|Win32
		{8979F76C-FA9C-42EB-8A25-A2F8170EE2B4}.R_Server|x64.ActiveCfg = Server_Release|x64
		{8979F76C-FA9C-42EB-8A25-A2F8170EE2B4}.R_Server|x86.ActiveCfg = Server_Release|Win32
		{8979F76C-FA9C-42EB-8A25-A2F8170EE2B4}.R_Server|x86.Build.0 = Server_Release|Win32
		{8979F76C-FA9C-42EB-8A25-A2F8170EE2B4}.Release|x64.ActiveCfg = Release|x64
		{8979F76C-FA9C-42EB-8A25-A2F8170EE2B4}.Release|x64.Build.0 = Release|x64
		{8979F76C-FA9C-42EB-8A25-A2F8170EE2B4}.Release|x86.ActiveCfg = Release|Win32
		{8979F76C-FA9C-42EB-8A25-A2F8170EE2B4}.Release|x86.Build.0 = Release|Win32
	EndGlobalSection
	GlobalSection(SolutionProperties) = preSolution
		HideSolutionNode = FALSE
	EndGlobalSection
	GlobalSection(ExtensibilityGlobals) = postSolution
		SolutionGuid = {F1B66D54-F6D4-4AB5-B607-BA31D21E123E}
	EndGlobalSection
EndGlobal
